PODS:
  - Flutter (1.0.0)
  - flutter_libphonenumber (0.0.1):
    - Flutter
    - PhoneNumberKit/PhoneNumberKitCore (= 3.3.4)
  - PhoneNumberKit/PhoneNumberKitCore (3.3.4)

DEPENDENCIES:
  - Flutter (from `Flutter`)
  - flutter_libphonenumber (from `.symlinks/plugins/flutter_libphonenumber/ios`)

SPEC REPOS:
  trunk:
    - PhoneNumberKit

EXTERNAL SOURCES:
  Flutter:
    :path: Flutter
  flutter_libphonenumber:
    :path: ".symlinks/plugins/flutter_libphonenumber/ios"

SPEC CHECKSUMS:
  Flutter: 50d75fe2f02b26cc09d224853bb45737f8b3214a
  flutter_libphonenumber: 8e7a8f974fda0f5915cf0af846879adf90b08f51
  PhoneNumberKit: 441e8b26ec88d598e3591de9061eff18f5dd12e8

PODFILE CHECKSUM: a007431ac8f8e1a070ef85cfc11ac4e5e8d7194c

COCOAPODS: 1.11.3
